// !$*UTF8*$!
{
	archiveVersion = 1;
	classes = {
	};
	objectVersion = 46;
	objects = {

/* Begin PBXBuildFile section */
		33E214E51CE786E20013C423 /* AppDelegate.swift in Sources */ = {isa = PBXBuildFile; fileRef = 33E214E41CE786E20013C423 /* AppDelegate.swift */; };
		33E214E71CE786E20013C423 /* ViewController.swift in Sources */ = {isa = PBXBuildFile; fileRef = 33E214E61CE786E20013C423 /* ViewController.swift */; };
		33E214EA1CE786E20013C423 /* Main.storyboard in Resources */ = {isa = PBXBuildFile; fileRef = 33E214E81CE786E20013C423 /* Main.storyboard */; };
		33E214EC1CE786E20013C423 /* Assets.xcassets in Resources */ = {isa = PBXBuildFile; fileRef = 33E214EB1CE786E20013C423 /* Assets.xcassets */; };
		33E214EF1CE786E20013C423 /* LaunchScreen.storyboard in Resources */ = {isa = PBXBuildFile; fileRef = 33E214ED1CE786E20013C423 /* LaunchScreen.storyboard */; };
		33E215051CE786E20013C423 /* FizzBuzzUITests.swift in Sources */ = {isa = PBXBuildFile; fileRef = 33E215041CE786E20013C423 /* FizzBuzzUITests.swift */; };
		33E215131CE7877B0013C423 /* BrainTests.swift in Sources */ = {isa = PBXBuildFile; fileRef = 33E215121CE7877B0013C423 /* BrainTests.swift */; };
		33E215171CE789BB0013C423 /* Brain.swift in Sources */ = {isa = PBXBuildFile; fileRef = 33E215161CE789BB0013C423 /* Brain.swift */; };
/* End PBXBuildFile section */

/* Begin PBXContainerItemProxy section */
		33E214F61CE786E20013C423 /* PBXContainerItemProxy */ = {
			isa = PBXContainerItemProxy;
			containerPortal = 33E214D91CE786E20013C423 /* Project object */;
			proxyType = 1;
			remoteGlobalIDString = 33E214E01CE786E20013C423;
			remoteInfo = FizzBuzz;
		};
		33E215011CE786E20013C423 /* PBXContainerItemProxy */ = {
			isa = PBXContainerItemProxy;
			containerPortal = 33E214D91CE786E20013C423 /* Project object */;
			proxyType = 1;
			remoteGlobalIDString = 33E214E01CE786E20013C423;
			remoteInfo = FizzBuzz;
		};
/* End PBXContainerItemProxy section */

/* Begin PBXFileReference section */
		33E214E11CE786E20013C423 /* FizzBuzz.app */ = {isa = PBXFileReference; explicitFileType = wrapper.application; includeInIndex = 0; path = FizzBuzz.app; sourceTree = BUILT_PRODUCTS_DIR; };
		33E214E41CE786E20013C423 /* AppDelegate.swift */ = {isa = PBXFileReference; lastKnownFileType = sourcecode.swift; path = AppDelegate.swift; sourceTree = "<group>"; };
		33E214E61CE786E20013C423 /* ViewController.swift */ = {isa = PBXFileReference; lastKnownFileType = sourcecode.swift; path = ViewController.swift; sourceTree = "<group>"; };
		33E214E91CE786E20013C423 /* Base */ = {isa = PBXFileReference; lastKnownFileType = file.storyboard; name = Base; path = Base.lproj/Main.storyboard; sourceTree = "<group>"; };
		33E214EB1CE786E20013C423 /* Assets.xcassets */ = {isa = PBXFileReference; lastKnownFileType = folder.assetcatalog; path = Assets.xcassets; sourceTree = "<group>"; };
		33E214EE1CE786E20013C423 /* Base */ = {isa = PBXFileReference; lastKnownFileType = file.storyboard; name = Base; path = Base.lproj/LaunchScreen.storyboard; sourceTree = "<group>"; };
		33E214F01CE786E20013C423 /* Info.plist */ = {isa = PBXFileReference; lastKnownFileType = text.plist.xml; path = Info.plist; sourceTree = "<group>"; };
		33E214F51CE786E20013C423 /* FizzBuzzTests.xctest */ = {isa = PBXFileReference; explicitFileType = wrapper.cfbundle; includeInIndex = 0; path = FizzBuzzTests.xctest; sourceTree = BUILT_PRODUCTS_DIR; };
		33E214FB1CE786E20013C423 /* Info.plist */ = {isa = PBXFileReference; lastKnownFileType = text.plist.xml; path = Info.plist; sourceTree = "<group>"; };
		33E215001CE786E20013C423 /* FizzBuzzUITests.xctest */ = {isa = PBXFileReference; explicitFileType = wrapper.cfbundle; includeInIndex = 0; path = FizzBuzzUITests.xctest; sourceTree = BUILT_PRODUCTS_DIR; };
		33E215041CE786E20013C423 /* FizzBuzzUITests.swift */ = {isa = PBXFileReference; lastKnownFileType = sourcecode.swift; path = FizzBuzzUITests.swift; sourceTree = "<group>"; };
		33E215061CE786E20013C423 /* Info.plist */ = {isa = PBXFileReference; lastKnownFileType = text.plist.xml; path = Info.plist; sourceTree = "<group>"; };
		33E215121CE7877B0013C423 /* BrainTests.swift */ = {isa = PBXFileReference; fileEncoding = 4; lastKnownFileType = sourcecode.swift; path = BrainTests.swift; sourceTree = "<group>"; };
		33E215161CE789BB0013C423 /* Brain.swift */ = {isa = PBXFileReference; fileEncoding = 4; lastKnownFileType = sourcecode.swift; path = Brain.swift; sourceTree = "<group>"; };
/* End PBXFileReference section */

/* Begin PBXFrameworksBuildPhase section */
		33E214DE1CE786E20013C423 /* Frameworks */ = {
			isa = PBXFrameworksBuildPhase;
			buildActionMask = 2147483647;
			files = (
			);
			runOnlyForDeploymentPostprocessing = 0;
		};
		33E214F21CE786E20013C423 /* Frameworks */ = {
			isa = PBXFrameworksBuildPhase;
			buildActionMask = 2147483647;
			files = (
			);
			runOnlyForDeploymentPostprocessing = 0;
		};
		33E214FD1CE786E20013C423 /* Frameworks */ = {
			isa = PBXFrameworksBuildPhase;
			buildActionMask = 2147483647;
			files = (
			);
			runOnlyForDeploymentPostprocessing = 0;
		};
/* End PBXFrameworksBuildPhase section */

/* Begin PBXGroup section */
		33E214D81CE786E20013C423 = {
			isa = PBXGroup;
			children = (
				33E214E31CE786E20013C423 /* FizzBuzz */,
				33E214F81CE786E20013C423 /* FizzBuzzTests */,
				33E215031CE786E20013C423 /* FizzBuzzUITests */,
				33E214E21CE786E20013C423 /* Products */,
			);
			sourceTree = "<group>";
		};
		33E214E21CE786E20013C423 /* Products */ = {
			isa = PBXGroup;
			children = (
				33E214E11CE786E20013C423 /* FizzBuzz.app */,
				33E214F51CE786E20013C423 /* FizzBuzzTests.xctest */,
				33E215001CE786E20013C423 /* FizzBuzzUITests.xctest */,
			);
			name = Products;
			sourceTree = "<group>";
		};
		33E214E31CE786E20013C423 /* FizzBuzz */ = {
			isa = PBXGroup;
			children = (
				33E214E41CE786E20013C423 /* AppDelegate.swift */,
				33E214E61CE786E20013C423 /* ViewController.swift */,
				33E214E81CE786E20013C423 /* Main.storyboard */,
				33E214EB1CE786E20013C423 /* Assets.xcassets */,
				33E214ED1CE786E20013C423 /* LaunchScreen.storyboard */,
				33E214F01CE786E20013C423 /* Info.plist */,
				33E215161CE789BB0013C423 /* Brain.swift */,
			);
			path = FizzBuzz;
			sourceTree = "<group>";
		};
		33E214F81CE786E20013C423 /* FizzBuzzTests */ = {
			isa = PBXGroup;
			children = (
				33E215121CE7877B0013C423 /* BrainTests.swift */,
				33E214FB1CE786E20013C423 /* Info.plist */,
			);
			path = FizzBuzzTests;
			sourceTree = "<group>";
		};
		33E215031CE786E20013C423 /* FizzBuzzUITests */ = {
			isa = PBXGroup;
			children = (
				33E215041CE786E20013C423 /* FizzBuzzUITests.swift */,
				33E215061CE786E20013C423 /* Info.plist */,
			);
			path = FizzBuzzUITests;
			sourceTree = "<group>";
		};
/* End PBXGroup section */

/* Begin PBXNativeTarget section */
		33E214E01CE786E20013C423 /* FizzBuzz */ = {
			isa = PBXNativeTarget;
			buildConfigurationList = 33E215091CE786E20013C423 /* Build configuration list for PBXNativeTarget "FizzBuzz" */;
			buildPhases = (
				33E214DD1CE786E20013C423 /* Sources */,
				33E214DE1CE786E20013C423 /* Frameworks */,
				33E214DF1CE786E20013C423 /* Resources */,
			);
			buildRules = (
			);
			dependencies = (
			);
			name = FizzBuzz;
			productName = FizzBuzz;
			productReference = 33E214E11CE786E20013C423 /* FizzBuzz.app */;
			productType = "com.apple.product-type.application";
		};
		33E214F41CE786E20013C423 /* FizzBuzzTests */ = {
			isa = PBXNativeTarget;
			buildConfigurationList = 33E2150C1CE786E20013C423 /* Build configuration list for PBXNativeTarget "FizzBuzzTests" */;
			buildPhases = (
				33E214F11CE786E20013C423 /* Sources */,
				33E214F21CE786E20013C423 /* Frameworks */,
				33E214F31CE786E20013C423 /* Resources */,
			);
			buildRules = (
			);
			dependencies = (
				33E214F71CE786E20013C423 /* PBXTargetDependency */,
			);
			name = FizzBuzzTests;
			productName = FizzBuzzTests;
			productReference = 33E214F51CE786E20013C423 /* FizzBuzzTests.xctest */;
			productType = "com.apple.product-type.bundle.unit-test";
		};
		33E214FF1CE786E20013C423 /* FizzBuzzUITests */ = {
			isa = PBXNativeTarget;
			buildConfigurationList = 33E2150F1CE786E20013C423 /* Build configuration list for PBXNativeTarget "FizzBuzzUITests" */;
			buildPhases = (
				33E214FC1CE786E20013C423 /* Sources */,
				33E214FD1CE786E20013C423 /* Frameworks */,
				33E214FE1CE786E20013C423 /* Resources */,
			);
			buildRules = (
			);
			dependencies = (
				33E215021CE786E20013C423 /* PBXTargetDependency */,
			);
			name = FizzBuzzUITests;
			productName = FizzBuzzUITests;
			productReference = 33E215001CE786E20013C423 /* FizzBuzzUITests.xctest */;
			productType = "com.apple.product-type.bundle.ui-testing";
		};
/* End PBXNativeTarget section */

/* Begin PBXProject section */
		33E214D91CE786E20013C423 /* Project object */ = {
			isa = PBXProject;
			attributes = {
				LastSwiftUpdateCheck = 0720;
				LastUpgradeCheck = 0720;
				ORGANIZATIONNAME = MUKKII;
				TargetAttributes = {
					33E214E01CE786E20013C423 = {
						CreatedOnToolsVersion = 7.2;
						DevelopmentTeam = 7B98XSFMD3;
					};
					33E214F41CE786E20013C423 = {
						CreatedOnToolsVersion = 7.2;
						TestTargetID = 33E214E01CE786E20013C423;
					};
					33E214FF1CE786E20013C423 = {
						CreatedOnToolsVersion = 7.2;
						TestTargetID = 33E214E01CE786E20013C423;
					};
				};
			};
			buildConfigurationList = 33E214DC1CE786E20013C423 /* Build configuration list for PBXProject "FizzBuzz" */;
			compatibilityVersion = "Xcode 3.2";
			developmentRegion = English;
			hasScannedForEncodings = 0;
			knownRegions = (
				en,
				Base,
			);
			mainGroup = 33E214D81CE786E20013C423;
			productRefGroup = 33E214E21CE786E20013C423 /* Products */;
			projectDirPath = "";
			projectRoot = "";
			targets = (
				33E214E01CE786E20013C423 /* FizzBuzz */,
				33E214F41CE786E20013C423 /* FizzBuzzTests */,
				33E214FF1CE786E20013C423 /* FizzBuzzUITests */,
			);
		};
/* End PBXProject section */

/* Begin PBXResourcesBuildPhase section */
		33E214DF1CE786E20013C423 /* Resources */ = {
			isa = PBXResourcesBuildPhase;
			buildActionMask = 2147483647;
			files = (
				33E214EF1CE786E20013C423 /* LaunchScreen.storyboard in Resources */,
				33E214EC1CE786E20013C423 /* Assets.xcassets in Resources */,
				33E214EA1CE786E20013C423 /* Main.storyboard in Resources */,
			);
			runOnlyForDeploymentPostprocessing = 0;
		};
		33E214F31CE786E20013C423 /* Resources */ = {
			isa = PBXResourcesBuildPhase;
			buildActionMask = 2147483647;
			files = (
			);
			runOnlyForDeploymentPostprocessing = 0;
		};
		33E214FE1CE786E20013C423 /* Resources */ = {
			isa = PBXResourcesBuildPhase;
			buildActionMask = 2147483647;
			files = (
			);
			runOnlyForDeploymentPostprocessing = 0;
		};
/* End PBXResourcesBuildPhase section */

/* Begin PBXSourcesBuildPhase section */
		33E214DD1CE786E20013C423 /* Sources */ = {
			isa = PBXSourcesBuildPhase;
			buildActionMask = 2147483647;
			files = (
				33E214E71CE786E20013C423 /* ViewController.swift in Sources */,
				33E215171CE789BB0013C423 /* Brain.swift in Sources */,
				33E214E51CE786E20013C423 /* AppDelegate.swift in Sources */,
			);
			runOnlyForDeploymentPostprocessing = 0;
		};
		33E214F11CE786E20013C423 /* Sources */ = {
			isa = PBXSourcesBuildPhase;
			buildActionMask = 2147483647;
			files = (
				33E215131CE7877B0013C423 /* BrainTests.swift in Sources */,
			);
			runOnlyForDeploymentPostprocessing = 0;
		};
		33E214FC1CE786E20013C423 /* Sources */ = {
			isa = PBXSourcesBuildPhase;
			buildActionMask = 2147483647;
			files = (
				33E215051CE786E20013C423 /* FizzBuzzUITests.swift in Sources */,
			);
			runOnlyForDeploymentPostprocessing = 0;
		};
/* End PBXSourcesBuildPhase section */

/* Begin PBXTargetDependency section */
		33E214F71CE786E20013C423 /* PBXTargetDependency */ = {
			isa = PBXTargetDependency;
			target = 33E214E01CE786E20013C423 /* FizzBuzz */;
			targetProxy = 33E214F61CE786E20013C423 /* PBXContainerItemProxy */;
		};
		33E215021CE786E20013C423 /* PBXTargetDependency */ = {
			isa = PBXTargetDependency;
			target = 33E214E01CE786E20013C423 /* FizzBuzz */;
			targetProxy = 33E215011CE786E20013C423 /* PBXContainerItemProxy */;
		};
/* End PBXTargetDependency section */

/* Begin PBXVariantGroup section */
		33E214E81CE786E20013C423 /* Main.storyboard */ = {
			isa = PBXVariantGroup;
			children = (
				33E214E91CE786E20013C423 /* Base */,
			);
			name = Main.storyboard;
			sourceTree = "<group>";
		};
		33E214ED1CE786E20013C423 /* LaunchScreen.storyboard */ = {
			isa = PBXVariantGroup;
			children = (
				33E214EE1CE786E20013C423 /* Base */,
			);
			name = LaunchScreen.storyboard;
			sourceTree = "<group>";
		};
/* End PBXVariantGroup section */

/* Begin XCBuildConfiguration section */
		33E215071CE786E20013C423 /* Debug */ = {
			isa = XCBuildConfiguration;
			buildSettings = {
				ALWAYS_SEARCH_USER_PATHS = NO;
				CLANG_CXX_LANGUAGE_STANDARD = "gnu++0x";
				CLANG_CXX_LIBRARY = "libc++";
				CLANG_ENABLE_MODULES = YES;
				CLANG_ENABLE_OBJC_ARC = YES;
				CLANG_WARN_BOOL_CONVERSION = YES;
				CLANG_WARN_CONSTANT_CONVERSION = YES;
				CLANG_WARN_DIRECT_OBJC_ISA_USAGE = YES_ERROR;
				CLANG_WARN_EMPTY_BODY = YES;
				CLANG_WARN_ENUM_CONVERSION = YES;
				CLANG_WARN_INT_CONVERSION = YES;
				CLANG_WARN_OBJC_ROOT_CLASS = YES_ERROR;
				CLANG_WARN_UNREACHABLE_CODE = YES;
				CLANG_WARN__DUPLICATE_METHOD_MATCH = YES;
				"CODE_SIGN_IDENTITY[sdk=iphoneos*]" = "iPhone Developer";
				COPY_PHASE_STRIP = NO;
				DEBUG_INFORMATION_FORMAT = dwarf;
				ENABLE_STRICT_OBJC_MSGSEND = YES;
				ENABLE_TESTABILITY = YES;
				GCC_C_LANGUAGE_STANDARD = gnu99;
				GCC_DYNAMIC_NO_PIC = NO;
				GCC_NO_COMMON_BLOCKS = YES;
				GCC_OPTIMIZATION_LEVEL = 0;
				GCC_PREPROCESSOR_DEFINITIONS = (
					"DEBUG=1",
					"$(inherited)",
				);
				GCC_WARN_64_TO_32_BIT_CONVERSION = YES;
				GCC_WARN_ABOUT_RETURN_TYPE = YES_ERROR;
				GCC_WARN_UNDECLARED_SELECTOR = YES;
				GCC_WARN_UNINITIALIZED_AUTOS = YES_AGGRESSIVE;
				GCC_WARN_UNUSED_FUNCTION = YES;
				GCC_WARN_UNUSED_VARIABLE = YES;
				IPHONEOS_DEPLOYMENT_TARGET = 9.2;
				MTL_ENABLE_DEBUG_INFO = YES;
				ONLY_ACTIVE_ARCH = YES;
				SDKROOT = iphoneos;
				SWIFT_OPTIMIZATION_LEVEL = "-Onone";
				TARGETED_DEVICE_FAMILY = "1,2";
			};
			name = Debug;
		};
		33E215081CE786E20013C423 /* Release */ = {
			isa = XCBuildConfiguration;
			buildSettings = {
				ALWAYS_SEARCH_USER_PATHS = NO;
				CLANG_CXX_LANGUAGE_STANDARD = "gnu++0x";
				CLANG_CXX_LIBRARY = "libc++";
				CLANG_ENABLE_MODULES = YES;
				CLANG_ENABLE_OBJC_ARC = YES;
				CLANG_WARN_BOOL_CONVERSION = YES;
				CLANG_WARN_CONSTANT_CONVERSION = YES;
				CLANG_WARN_DIRECT_OBJC_ISA_USAGE = YES_ERROR;
				CLANG_WARN_EMPTY_BODY = YES;
				CLANG_WARN_ENUM_CONVERSION = YES;
				CLANG_WARN_INT_CONVERSION = YES;
				CLANG_WARN_OBJC_ROOT_CLASS = YES_ERROR;
				CLANG_WARN_UNREACHABLE_CODE = YES;
				CLANG_WARN__DUPLICATE_METHOD_MATCH = YES;
				"CODE_SIGN_IDENTITY[sdk=iphoneos*]" = "iPhone Developer";
				COPY_PHASE_STRIP = NO;
				DEBUG_INFORMATION_FORMAT = "dwarf-with-dsym";
				ENABLE_NS_ASSERTIONS = NO;
				ENABLE_STRICT_OBJC_MSGSEND = YES;
				GCC_C_LANGUAGE_STANDARD = gnu99;
				GCC_NO_COMMON_BLOCKS = YES;
				GCC_WARN_64_TO_32_BIT_CONVERSION = YES;
				GCC_WARN_ABOUT_RETURN_TYPE = YES_ERROR;
				GCC_WARN_UNDECLARED_SELECTOR = YES;
				GCC_WARN_UNINITIALIZED_AUTOS = YES_AGGRESSIVE;
				GCC_WARN_UNUSED_FUNCTION = YES;
				GCC_WARN_UNUSED_VARIABLE = YES;
				IPHONEOS_DEPLOYMENT_TARGET = 9.2;
				MTL_ENABLE_DEBUG_INFO = NO;
				SDKROOT = iphoneos;
				TARGETED_DEVICE_FAMILY = "1,2";
				VALIDATE_PRODUCT = YES;
			};
			name = Release;
		};
		33E2150A1CE786E20013C423 /* Debug */ = {
			isa = XCBuildConfiguration;
			buildSettings = {
				ASSETCATALOG_COMPILER_APPICON_NAME = AppIcon;
				CODE_SIGN_IDENTITY = "iPhone Developer";
				"CODE_SIGN_IDENTITY[sdk=iphoneos*]" = "iPhone Developer";
				INFOPLIST_FILE = FizzBuzz/Info.plist;
				LD_RUNPATH_SEARCH_PATHS = "$(inherited) @executable_path/Frameworks";
				PRODUCT_BUNDLE_IDENTIFIER = com.Mukkii.FizzBuzz;
				PRODUCT_NAME = "$(TARGET_NAME)";
				PROVISIONING_PROFILE = "";
				TARGETED_DEVICE_FAMILY = "1,2";
			};
			name = Debug;
		};
		33E2150B1CE786E20013C423 /* Release */ = {
			isa = XCBuildConfiguration;
			buildSettings = {
				ASSETCATALOG_COMPILER_APPICON_NAME = AppIcon;
				CODE_SIGN_IDENTITY = "iPhone Developer";
				"CODE_SIGN_IDENTITY[sdk=iphoneos*]" = "iPhone Developer";
				INFOPLIST_FILE = FizzBuzz/Info.plist;
				LD_RUNPATH_SEARCH_PATHS = "$(inherited) @executable_path/Frameworks";
				PRODUCT_BUNDLE_IDENTIFIER = com.Mukkii.FizzBuzz;
				PRODUCT_NAME = "$(TARGET_NAME)";
				PROVISIONING_PROFILE = "";
				TARGETED_DEVICE_FAMILY = "1,2";
			};
			name = Release;
		};
		33E2150D1CE786E20013C423 /* Debug */ = {
			isa = XCBuildConfiguration;
			buildSettings = {
				BUNDLE_LOADER = "$(TEST_HOST)";
				CLANG_ENABLE_MODULES = YES;
				INFOPLIST_FILE = FizzBuzzTests/Info.plist;
				LD_RUNPATH_SEARCH_PATHS = "$(inherited) @executable_path/Frameworks @loader_path/Frameworks";
				PRODUCT_BUNDLE_IDENTIFIER = com.Mukkii.FizzBuzzTests;
				PRODUCT_NAME = "$(TARGET_NAME)";
				SWIFT_OPTIMIZATION_LEVEL = "-Onone";
				TEST_HOST = "$(BUILT_PRODUCTS_DIR)/FizzBuzz.app/FizzBuzz";
			};
			name = Debug;
		};
		33E2150E1CE786E20013C423 /* Release */ = {
			isa = XCBuildConfiguration;
			buildSettings = {
				BUNDLE_LOADER = "$(TEST_HOST)";
				CLANG_ENABLE_MODULES = YES;
				INFOPLIST_FILE = FizzBuzzTests/Info.plist;
				LD_RUNPATH_SEARCH_PATHS = "$(inherited) @executable_path/Frameworks @loader_path/Frameworks";
				PRODUCT_BUNDLE_IDENTIFIER = com.Mukkii.FizzBuzzTests;
				PRODUCT_NAME = "$(TARGET_NAME)";
				TEST_HOST = "$(BUILT_PRODUCTS_DIR)/FizzBuzz.app/FizzBuzz";
			};
			name = Release;
		};
		33E215101CE786E20013C423 /* Debug */ = {
			isa = XCBuildConfiguration;
			buildSettings = {
				INFOPLIST_FILE = FizzBuzzUITests/Info.plist;
				LD_RUNPATH_SEARCH_PATHS = "$(inherited) @executable_path/Frameworks @loader_path/Frameworks";
				PRODUCT_BUNDLE_IDENTIFIER = com.Mukkii.FizzBuzzUITests;
				PRODUCT_NAME = "$(TARGET_NAME)";
				TEST_TARGET_NAME = FizzBuzz;
				USES_XCTRUNNER = YES;
			};
			name = Debug;
		};
		33E215111CE786E20013C423 /* Release */ = {
			isa = XCBuildConfiguration;
			buildSettings = {
				INFOPLIST_FILE = FizzBuzzUITests/Info.plist;
				LD_RUNPATH_SEARCH_PATHS = "$(inherited) @executable_path/Frameworks @loader_path/Frameworks";
				PRODUCT_BUNDLE_IDENTIFIER = com.Mukkii.FizzBuzzUITests;
				PRODUCT_NAME = "$(TARGET_NAME)";
				TEST_TARGET_NAME = FizzBuzz;
				USES_XCTRUNNER = YES;
			};
			name = Release;
		};
/* End XCBuildConfiguration section */

/* Begin XCConfigurationList section */
		33E214DC1CE786E20013C423 /* Build configuration list for PBXProject "FizzBuzz" */ = {
			isa = XCConfigurationList;
			buildConfigurations = (
				33E215071CE786E20013C423 /* Debug */,
				33E215081CE786E20013C423 /* Release */,
			);
			defaultConfigurationIsVisible = 0;
			defaultConfigurationName = Release;
		};
		33E215091CE786E20013C423 /* Build configuration list for PBXNativeTarget "FizzBuzz" */ = {
			isa = XCConfigurationList;
			buildConfigurations = (
				33E2150A1CE786E20013C423 /* Debug */,
				33E2150B1CE786E20013C423 /* Release */,
			);
			defaultConfigurationIsVisible = 0;
		};
		33E2150C1CE786E20013C423 /* Build configuration list for PBXNativeTarget "FizzBuzzTests" */ = {
			isa = XCConfigurationList;
			buildConfigurations = (
				33E2150D1CE786E20013C423 /* Debug */,
				33E2150E1CE786E20013C423 /* Release */,
			);
			defaultConfigurationIsVisible = 0;
		};
		33E2150F1CE786E20013C423 /* Build configuration list for PBXNativeTarget "FizzBuzzUITests" */ = {
			isa = XCConfigurationList;
			buildConfigurations = (
				33E215101CE786E20013C423 /* Debug */,
				33E215111CE786E20013C423 /* Release */,
			);
			defaultConfigurationIsVisible = 0;
		};
/* End XCConfigurationList section */
	};
	rootObject = 33E214D91CE786E20013C423 /* Project object */;
}
